// !$*UTF8*$!
{
	archiveVersion = 1;
	classes = {
	};
	objectVersion = 56;
	objects = {

/* Begin PBXBuildFile section */
		2E12C8102B52C4DF002F99DC /* AppDelegate.swift in Sources */ = {isa = PBXBuildFile; fileRef = 2E12C80F2B52C4DF002F99DC /* AppDelegate.swift */; };
		2E12C8122B52C4DF002F99DC /* SceneDelegate.swift in Sources */ = {isa = PBXBuildFile; fileRef = 2E12C8112B52C4DF002F99DC /* SceneDelegate.swift */; };
		2E12C8172B52C4DF002F99DC /* Main.storyboard in Resources */ = {isa = PBXBuildFile; fileRef = 2E12C8152B52C4DF002F99DC /* Main.storyboard */; };
		2E12C8192B52C4E1002F99DC /* Assets.xcassets in Resources */ = {isa = PBXBuildFile; fileRef = 2E12C8182B52C4E1002F99DC /* Assets.xcassets */; };
		2E12C81C2B52C4E1002F99DC /* LaunchScreen.storyboard in Resources */ = {isa = PBXBuildFile; fileRef = 2E12C81A2B52C4E1002F99DC /* LaunchScreen.storyboard */; };
		2E12C8272B52CD3B002F99DC /* ChattingListViewController.swift in Sources */ = {isa = PBXBuildFile; fileRef = 2E12C8262B52CD3B002F99DC /* ChattingListViewController.swift */; };
		2E12C82A2B52CD4D002F99DC /* ChattingListTableViewCell.swift in Sources */ = {isa = PBXBuildFile; fileRef = 2E12C8282B52CD4D002F99DC /* ChattingListTableViewCell.swift */; };
		2E12C82B2B52CD4D002F99DC /* ChattingListTableViewCell.xib in Resources */ = {isa = PBXBuildFile; fileRef = 2E12C8292B52CD4D002F99DC /* ChattingListTableViewCell.xib */; };
/* End PBXBuildFile section */

/* Begin PBXFileReference section */
		2E12C80C2B52C4DF002F99DC /* SeSacTravelChatting.app */ = {isa = PBXFileReference; explicitFileType = wrapper.application; includeInIndex = 0; path = SeSacTravelChatting.app; sourceTree = BUILT_PRODUCTS_DIR; };
		2E12C80F2B52C4DF002F99DC /* AppDelegate.swift */ = {isa = PBXFileReference; lastKnownFileType = sourcecode.swift; path = AppDelegate.swift; sourceTree = "<group>"; };
		2E12C8112B52C4DF002F99DC /* SceneDelegate.swift */ = {isa = PBXFileReference; lastKnownFileType = sourcecode.swift; path = SceneDelegate.swift; sourceTree = "<group>"; };
		2E12C8162B52C4DF002F99DC /* Base */ = {isa = PBXFileReference; lastKnownFileType = file.storyboard; name = Base; path = Base.lproj/Main.storyboard; sourceTree = "<group>"; };
		2E12C8182B52C4E1002F99DC /* Assets.xcassets */ = {isa = PBXFileReference; lastKnownFileType = folder.assetcatalog; path = Assets.xcassets; sourceTree = "<group>"; };
		2E12C81B2B52C4E1002F99DC /* Base */ = {isa = PBXFileReference; lastKnownFileType = file.storyboard; name = Base; path = Base.lproj/LaunchScreen.storyboard; sourceTree = "<group>"; };
		2E12C81D2B52C4E1002F99DC /* Info.plist */ = {isa = PBXFileReference; lastKnownFileType = text.plist.xml; path = Info.plist; sourceTree = "<group>"; };
		2E12C8262B52CD3B002F99DC /* ChattingListViewController.swift */ = {isa = PBXFileReference; lastKnownFileType = sourcecode.swift; path = ChattingListViewController.swift; sourceTree = "<group>"; };
		2E12C8282B52CD4D002F99DC /* ChattingListTableViewCell.swift */ = {isa = PBXFileReference; lastKnownFileType = sourcecode.swift; path = ChattingListTableViewCell.swift; sourceTree = "<group>"; };
		2E12C8292B52CD4D002F99DC /* ChattingListTableViewCell.xib */ = {isa = PBXFileReference; lastKnownFileType = file.xib; path = ChattingListTableViewCell.xib; sourceTree = "<group>"; };
/* End PBXFileReference section */

/* Begin PBXFrameworksBuildPhase section */
		2E12C8092B52C4DF002F99DC /* Frameworks */ = {
			isa = PBXFrameworksBuildPhase;
			buildActionMask = 2147483647;
			files = (
			);
			runOnlyForDeploymentPostprocessing = 0;
		};
/* End PBXFrameworksBuildPhase section */

/* Begin PBXGroup section */
		2E12C8032B52C4DF002F99DC = {
			isa = PBXGroup;
			children = (
				2E12C80E2B52C4DF002F99DC /* SeSacTravelChatting */,
				2E12C80D2B52C4DF002F99DC /* Products */,
			);
			sourceTree = "<group>";
		};
		2E12C80D2B52C4DF002F99DC /* Products */ = {
			isa = PBXGroup;
			children = (
				2E12C80C2B52C4DF002F99DC /* SeSacTravelChatting.app */,
			);
			name = Products;
			sourceTree = "<group>";
		};
		2E12C80E2B52C4DF002F99DC /* SeSacTravelChatting */ = {
			isa = PBXGroup;
			children = (
				2E12C80F2B52C4DF002F99DC /* AppDelegate.swift */,
				2E12C8112B52C4DF002F99DC /* SceneDelegate.swift */,
				2E12C8232B52C50C002F99DC /* ViewController */,
				2E12C8252B52C532002F99DC /* Cell */,
				2E12C8152B52C4DF002F99DC /* Main.storyboard */,
				2E12C8182B52C4E1002F99DC /* Assets.xcassets */,
				2E12C81A2B52C4E1002F99DC /* LaunchScreen.storyboard */,
				2E12C81D2B52C4E1002F99DC /* Info.plist */,
				2E12C8262B52CD3B002F99DC /* ChattingListViewController.swift */,
				2E12C8282B52CD4D002F99DC /* ChattingListTableViewCell.swift */,
				2E12C8292B52CD4D002F99DC /* ChattingListTableViewCell.xib */,
			);
			path = SeSacTravelChatting;
			sourceTree = "<group>";
		};
		2E12C8232B52C50C002F99DC /* ViewController */ = {
			isa = PBXGroup;
			children = (
				2E12C8242B52C51B002F99DC /* Cell */,
			);
			path = ViewController;
			sourceTree = "<group>";
		};
		2E12C8242B52C51B002F99DC /* Cell */ = {
			isa = PBXGroup;
			children = (
			);
			path = Cell;
			sourceTree = "<group>";
		};
		2E12C8252B52C532002F99DC /* Cell */ = {
			isa = PBXGroup;
			children = (
			);
			path = Cell;
			sourceTree = "<group>";
		};
/* End PBXGroup section */

/* Begin PBXNativeTarget section */
		2E12C80B2B52C4DF002F99DC /* SeSacTravelChatting */ = {
			isa = PBXNativeTarget;
			buildConfigurationList = 2E12C8202B52C4E1002F99DC /* Build configuration list for PBXNativeTarget "SeSacTravelChatting" */;
			buildPhases = (
				2E12C8082B52C4DF002F99DC /* Sources */,
				2E12C8092B52C4DF002F99DC /* Frameworks */,
				2E12C80A2B52C4DF002F99DC /* Resources */,
			);
			buildRules = (
			);
			dependencies = (
			);
			name = SeSacTravelChatting;
			productName = SeSacTravelChatting;
			productReference = 2E12C80C2B52C4DF002F99DC /* SeSacTravelChatting.app */;
			productType = "com.apple.product-type.application";
		};
/* End PBXNativeTarget section */

/* Begin PBXProject section */
		2E12C8042B52C4DF002F99DC /* Project object */ = {
			isa = PBXProject;
			attributes = {
				BuildIndependentTargetsInParallel = 1;
				LastSwiftUpdateCheck = 1520;
				LastUpgradeCheck = 1520;
				TargetAttributes = {
					2E12C80B2B52C4DF002F99DC = {
						CreatedOnToolsVersion = 15.2;
					};
				};
			};
			buildConfigurationList = 2E12C8072B52C4DF002F99DC /* Build configuration list for PBXProject "SeSacTravelChatting" */;
			compatibilityVersion = "Xcode 14.0";
			developmentRegion = en;
			hasScannedForEncodings = 0;
			knownRegions = (
				en,
				Base,
			);
			mainGroup = 2E12C8032B52C4DF002F99DC;
			productRefGroup = 2E12C80D2B52C4DF002F99DC /* Products */;
			projectDirPath = "";
			projectRoot = "";
			targets = (
				2E12C80B2B52C4DF002F99DC /* SeSacTravelChatting */,
			);
		};
/* End PBXProject section */

/* Begin PBXResourcesBuildPhase section */
		2E12C80A2B52C4DF002F99DC /* Resources */ = {
			isa = PBXResourcesBuildPhase;
			buildActionMask = 2147483647;
			files = (
				2E12C81C2B52C4E1002F99DC /* LaunchScreen.storyboard in Resources */,
				2E12C8192B52C4E1002F99DC /* Assets.xcassets in Resources */,
				2E12C8172B52C4DF002F99DC /* Main.storyboard in Resources */,
				2E12C82B2B52CD4D002F99DC /* ChattingListTableViewCell.xib in Resources */,
			);
			runOnlyForDeploymentPostprocessing = 0;
		};
/* End PBXResourcesBuildPhase section */

/* Begin PBXSourcesBuildPhase section */
		2E12C8082B52C4DF002F99DC /* Sources */ = {
			isa = PBXSourcesBuildPhase;
			buildActionMask = 2147483647;
			files = (
				2E12C8102B52C4DF002F99DC /* AppDelegate.swift in Sources */,
				2E12C8272B52CD3B002F99DC /* ChattingListViewController.swift in Sources */,
				2E12C8122B52C4DF002F99DC /* SceneDelegate.swift in Sources */,
				2E12C82A2B52CD4D002F99DC /* ChattingListTableViewCell.swift in Sources */,
			);
			runOnlyForDeploymentPostprocessing = 0;
		};
/* End PBXSourcesBuildPhase section */

/* Begin PBXVariantGroup section */
		2E12C8152B52C4DF002F99DC /* Main.storyboard */ = {
			isa = PBXVariantGroup;
			children = (
				2E12C8162B52C4DF002F99DC /* Base */,
			);
			name = Main.storyboard;
			sourceTree = "<group>";
		};
		2E12C81A2B52C4E1002F99DC /* LaunchScreen.storyboard */ = {
			isa = PBXVariantGroup;
			children = (
				2E12C81B2B52C4E1002F99DC /* Base */,
			);
			name = LaunchScreen.storyboard;
			sourceTree = "<group>";
		};
/* End PBXVariantGroup section */

/* Begin XCBuildConfiguration section */
		2E12C81E2B52C4E1002F99DC /* Debug */ = {
			isa = XCBuildConfiguration;
			buildSettings = {
				ALWAYS_SEARCH_USER_PATHS = NO;
				ASSETCATALOG_COMPILER_GENERATE_SWIFT_ASSET_SYMBOL_EXTENSIONS = YES;
				CLANG_ANALYZER_NONNULL = YES;
				CLANG_ANALYZER_NUMBER_OBJECT_CONVERSION = YES_AGGRESSIVE;
				CLANG_CXX_LANGUAGE_STANDARD = "gnu++20";
				CLANG_ENABLE_MODULES = YES;
				CLANG_ENABLE_OBJC_ARC = YES;
				CLANG_ENABLE_OBJC_WEAK = YES;
				CLANG_WARN_BLOCK_CAPTURE_AUTORELEASING = YES;
				CLANG_WARN_BOOL_CONVERSION = YES;
				CLANG_WARN_COMMA = YES;
				CLANG_WARN_CONSTANT_CONVERSION = YES;
				CLANG_WARN_DEPRECATED_OBJC_IMPLEMENTATIONS = YES;
				CLANG_WARN_DIRECT_OBJC_ISA_USAGE = YES_ERROR;
				CLANG_WARN_DOCUMENTATION_COMMENTS = YES;
				CLANG_WARN_EMPTY_BODY = YES;
				CLANG_WARN_ENUM_CONVERSION = YES;
				CLANG_WARN_INFINITE_RECURSION = YES;
				CLANG_WARN_INT_CONVERSION = YES;
				CLANG_WARN_NON_LITERAL_NULL_CONVERSION = YES;
				CLANG_WARN_OBJC_IMPLICIT_RETAIN_SELF = YES;
				CLANG_WARN_OBJC_LITERAL_CONVERSION = YES;
				CLANG_WARN_OBJC_ROOT_CLASS = YES_ERROR;
				CLANG_WARN_QUOTED_INCLUDE_IN_FRAMEWORK_HEADER = YES;
				CLANG_WARN_RANGE_LOOP_ANALYSIS = YES;
				CLANG_WARN_STRICT_PROTOTYPES = YES;
				CLANG_WARN_SUSPICIOUS_MOVE = YES;
				CLANG_WARN_UNGUARDED_AVAILABILITY = YES_AGGRESSIVE;
				CLANG_WARN_UNREACHABLE_CODE = YES;
				CLANG_WARN__DUPLICATE_METHOD_MATCH = YES;
				COPY_PHASE_STRIP = NO;
				DEBUG_INFORMATION_FORMAT = dwarf;
				ENABLE_STRICT_OBJC_MSGSEND = YES;
				ENABLE_TESTABILITY = YES;
				ENABLE_USER_SCRIPT_SANDBOXING = YES;
				GCC_C_LANGUAGE_STANDARD = gnu17;
				GCC_DYNAMIC_NO_PIC = NO;
				GCC_NO_COMMON_BLOCKS = YES;
				GCC_OPTIMIZATION_LEVEL = 0;
				GCC_PREPROCESSOR_DEFINITIONS = (
					"DEBUG=1",
					"$(inherited)",
				);
				GCC_WARN_64_TO_32_BIT_CONVERSION = YES;
				GCC_WARN_ABOUT_RETURN_TYPE = YES_ERROR;
				GCC_WARN_UNDECLARED_SELECTOR = YES;
				GCC_WARN_UNINITIALIZED_AUTOS = YES_AGGRESSIVE;
				GCC_WARN_UNUSED_FUNCTION = YES;
				GCC_WARN_UNUSED_VARIABLE = YES;
				IPHONEOS_DEPLOYMENT_TARGET = 17.2;
				LOCALIZATION_PREFERS_STRING_CATALOGS = YES;
				MTL_ENABLE_DEBUG_INFO = INCLUDE_SOURCE;
				MTL_FAST_MATH = YES;
				ONLY_ACTIVE_ARCH = YES;
				SDKROOT = iphoneos;
				SWIFT_ACTIVE_COMPILATION_CONDITIONS = "DEBUG $(inherited)";
				SWIFT_OPTIMIZATION_LEVEL = "-Onone";
			};
			name = Debug;
		};
		2E12C81F2B52C4E1002F99DC /* Release */ = {
			isa = XCBuildConfiguration;
			buildSettings = {
				ALWAYS_SEARCH_USER_PATHS = NO;
				ASSETCATALOG_COMPILER_GENERATE_SWIFT_ASSET_SYMBOL_EXTENSIONS = YES;
				CLANG_ANALYZER_NONNULL = YES;
				CLANG_ANALYZER_NUMBER_OBJECT_CONVERSION = YES_AGGRESSIVE;
				CLANG_CXX_LANGUAGE_STANDARD = "gnu++20";
				CLANG_ENABLE_MODULES = YES;
				CLANG_ENABLE_OBJC_ARC = YES;
				CLANG_ENABLE_OBJC_WEAK = YES;
				CLANG_WARN_BLOCK_CAPTURE_AUTORELEASING = YES;
				CLANG_WARN_BOOL_CONVERSION = YES;
				CLANG_WARN_COMMA = YES;
				CLANG_WARN_CONSTANT_CONVERSION = YES;
				CLANG_WARN_DEPRECATED_OBJC_IMPLEMENTATIONS = YES;
				CLANG_WARN_DIRECT_OBJC_ISA_USAGE = YES_ERROR;
				CLANG_WARN_DOCUMENTATION_COMMENTS = YES;
				CLANG_WARN_EMPTY_BODY = YES;
				CLANG_WARN_ENUM_CONVERSION = YES;
				CLANG_WARN_INFINITE_RECURSION = YES;
				CLANG_WARN_INT_CONVERSION = YES;
				CLANG_WARN_NON_LITERAL_NULL_CONVERSION = YES;
				CLANG_WARN_OBJC_IMPLICIT_RETAIN_SELF = YES;
				CLANG_WARN_OBJC_LITERAL_CONVERSION = YES;
				CLANG_WARN_OBJC_ROOT_CLASS = YES_ERROR;
				CLANG_WARN_QUOTED_INCLUDE_IN_FRAMEWORK_HEADER = YES;
				CLANG_WARN_RANGE_LOOP_ANALYSIS = YES;
				CLANG_WARN_STRICT_PROTOTYPES = YES;
				CLANG_WARN_SUSPICIOUS_MOVE = YES;
				CLANG_WARN_UNGUARDED_AVAILABILITY = YES_AGGRESSIVE;
				CLANG_WARN_UNREACHABLE_CODE = YES;
				CLANG_WARN__DUPLICATE_METHOD_MATCH = YES;
				COPY_PHASE_STRIP = NO;
				DEBUG_INFORMATION_FORMAT = "dwarf-with-dsym";
				ENABLE_NS_ASSERTIONS = NO;
				ENABLE_STRICT_OBJC_MSGSEND = YES;
				ENABLE_USER_SCRIPT_SANDBOXING = YES;
				GCC_C_LANGUAGE_STANDARD = gnu17;
				GCC_NO_COMMON_BLOCKS = YES;
				GCC_WARN_64_TO_32_BIT_CONVERSION = YES;
				GCC_WARN_ABOUT_RETURN_TYPE = YES_ERROR;
				GCC_WARN_UNDECLARED_SELECTOR = YES;
				GCC_WARN_UNINITIALIZED_AUTOS = YES_AGGRESSIVE;
				GCC_WARN_UNUSED_FUNCTION = YES;
				GCC_WARN_UNUSED_VARIABLE = YES;
				IPHONEOS_DEPLOYMENT_TARGET = 17.2;
				LOCALIZATION_PREFERS_STRING_CATALOGS = YES;
				MTL_ENABLE_DEBUG_INFO = NO;
				MTL_FAST_MATH = YES;
				SDKROOT = iphoneos;
				SWIFT_COMPILATION_MODE = wholemodule;
				VALIDATE_PRODUCT = YES;
			};
			name = Release;
		};
		2E12C8212B52C4E1002F99DC /* Debug */ = {
			isa = XCBuildConfiguration;
			buildSettings = {
				ASSETCATALOG_COMPILER_APPICON_NAME = AppIcon;
				ASSETCATALOG_COMPILER_GLOBAL_ACCENT_COLOR_NAME = AccentColor;
				CODE_SIGN_STYLE = Automatic;
				CURRENT_PROJECT_VERSION = 1;
				DEVELOPMENT_TEAM = Q37X3LG46V;
				GENERATE_INFOPLIST_FILE = YES;
				INFOPLIST_FILE = SeSacTravelChatting/Info.plist;
				INFOPLIST_KEY_UIApplicationSupportsIndirectInputEvents = YES;
				INFOPLIST_KEY_UILaunchStoryboardName = LaunchScreen;
				INFOPLIST_KEY_UIMainStoryboardFile = Main;
				INFOPLIST_KEY_UISupportedInterfaceOrientations_iPad = "UIInterfaceOrientationPortrait UIInterfaceOrientationPortraitUpsideDown UIInterfaceOrientationLandscapeLeft UIInterfaceOrientationLandscapeRight";
				INFOPLIST_KEY_UISupportedInterfaceOrientations_iPhone = "UIInterfaceOrientationPortrait UIInterfaceOrientationLandscapeLeft UIInterfaceOrientationLandscapeRight";
				LD_RUNPATH_SEARCH_PATHS = (
					"$(inherited)",
					"@executable_path/Frameworks",
				);
				MARKETING_VERSION = 1.0;
				PRODUCT_BUNDLE_IDENTIFIER = hwijin.SeSacTravelChatting;
				PRODUCT_NAME = "$(TARGET_NAME)";
				SUPPORTED_PLATFORMS = "iphoneos iphonesimulator";
				SUPPORTS_MACCATALYST = NO;
				SUPPORTS_MAC_DESIGNED_FOR_IPHONE_IPAD = NO;
				SUPPORTS_XR_DESIGNED_FOR_IPHONE_IPAD = NO;
				SWIFT_EMIT_LOC_STRINGS = YES;
				SWIFT_VERSION = 5.0;
				TARGETED_DEVICE_FAMILY = 1;
			};
			name = Debug;
		};
		2E12C8222B52C4E1002F99DC /* Release */ = {
			isa = XCBuildConfiguration;
			buildSettings = {
				ASSETCATALOG_COMPILER_APPICON_NAME = AppIcon;
				ASSETCATALOG_COMPILER_GLOBAL_ACCENT_COLOR_NAME = AccentColor;
				CODE_SIGN_STYLE = Automatic;
				CURRENT_PROJECT_VERSION = 1;
				DEVELOPMENT_TEAM = Q37X3LG46V;
				GENERATE_INFOPLIST_FILE = YES;
				INFOPLIST_FILE = SeSacTravelChatting/Info.plist;
				INFOPLIST_KEY_UIApplicationSupportsIndirectInputEvents = YES;
				INFOPLIST_KEY_UILaunchStoryboardName = LaunchScreen;
				INFOPLIST_KEY_UIMainStoryboardFile = Main;
				INFOPLIST_KEY_UISupportedInterfaceOrientations_iPad = "UIInterfaceOrientationPortrait UIInterfaceOrientationPortraitUpsideDown UIInterfaceOrientationLandscapeLeft UIInterfaceOrientationLandscapeRight";
				INFOPLIST_KEY_UISupportedInterfaceOrientations_iPhone = "UIInterfaceOrientationPortrait UIInterfaceOrientationLandscapeLeft UIInterfaceOrientationLandscapeRight";
				LD_RUNPATH_SEARCH_PATHS = (
					"$(inherited)",
					"@executable_path/Frameworks",
				);
				MARKETING_VERSION = 1.0;
				PRODUCT_BUNDLE_IDENTIFIER = hwijin.SeSacTravelChatting;
				PRODUCT_NAME = "$(TARGET_NAME)";
				SUPPORTED_PLATFORMS = "iphoneos iphonesimulator";
				SUPPORTS_MACCATALYST = NO;
				SUPPORTS_MAC_DESIGNED_FOR_IPHONE_IPAD = NO;
				SUPPORTS_XR_DESIGNED_FOR_IPHONE_IPAD = NO;
				SWIFT_EMIT_LOC_STRINGS = YES;
				SWIFT_VERSION = 5.0;
				TARGETED_DEVICE_FAMILY = 1;
			};
			name = Release;
		};
/* End XCBuildConfiguration section */

/* Begin XCConfigurationList section */
		2E12C8072B52C4DF002F99DC /* Build configuration list for PBXProject "SeSacTravelChatting" */ = {
			isa = XCConfigurationList;
			buildConfigurations = (
				2E12C81E2B52C4E1002F99DC /* Debug */,
				2E12C81F2B52C4E1002F99DC /* Release */,
			);
			defaultConfigurationIsVisible = 0;
			defaultConfigurationName = Release;
		};
		2E12C8202B52C4E1002F99DC /* Build configuration list for PBXNativeTarget "SeSacTravelChatting" */ = {
			isa = XCConfigurationList;
			buildConfigurations = (
				2E12C8212B52C4E1002F99DC /* Debug */,
				2E12C8222B52C4E1002F99DC /* Release */,
			);
			defaultConfigurationIsVisible = 0;
			defaultConfigurationName = Release;
		};
/* End XCConfigurationList section */
	};
	rootObject = 2E12C8042B52C4DF002F99DC /* Project object */;
}
